// !$*UTF8*$!
{
	archiveVersion = 1;
	classes = {
	};
	objectVersion = 50;
	objects = {

/* Begin PBXBuildFile section */
		B2F3A0BA29CD9BA80022AEF7 /* AppDelegate.swift in Sources */ = {isa = PBXBuildFile; fileRef = B2F3A0B929CD9BA80022AEF7 /* AppDelegate.swift */; };
		B2F3A0BC29CD9BA80022AEF7 /* SceneDelegate.swift in Sources */ = {isa = PBXBuildFile; fileRef = B2F3A0BB29CD9BA80022AEF7 /* SceneDelegate.swift */; };
		B2F3A0BE29CD9BA80022AEF7 /* HomeViewController.swift in Sources */ = {isa = PBXBuildFile; fileRef = B2F3A0BD29CD9BA80022AEF7 /* HomeViewController.swift */; };
		B2F3A0C129CD9BA80022AEF7 /* Main.storyboard in Resources */ = {isa = PBXBuildFile; fileRef = B2F3A0BF29CD9BA80022AEF7 /* Main.storyboard */; };
		B2F3A0C329CD9BAB0022AEF7 /* Assets.xcassets in Resources */ = {isa = PBXBuildFile; fileRef = B2F3A0C229CD9BAB0022AEF7 /* Assets.xcassets */; };
		B2F3A0C629CD9BAB0022AEF7 /* LaunchScreen.storyboard in Resources */ = {isa = PBXBuildFile; fileRef = B2F3A0C429CD9BAB0022AEF7 /* LaunchScreen.storyboard */; };
		B2F3A0D229CDDFC20022AEF7 /* QuizMenuViewController.swift in Sources */ = {isa = PBXBuildFile; fileRef = B2F3A0D129CDDFC20022AEF7 /* QuizMenuViewController.swift */; };
/* End PBXBuildFile section */

/* Begin PBXFileReference section */
		B2F3A0B629CD9BA80022AEF7 /* RI Solver.app */ = {isa = PBXFileReference; explicitFileType = wrapper.application; includeInIndex = 0; path = "RI Solver.app"; sourceTree = BUILT_PRODUCTS_DIR; };
		B2F3A0B929CD9BA80022AEF7 /* AppDelegate.swift */ = {isa = PBXFileReference; lastKnownFileType = sourcecode.swift; path = AppDelegate.swift; sourceTree = "<group>"; };
		B2F3A0BB29CD9BA80022AEF7 /* SceneDelegate.swift */ = {isa = PBXFileReference; lastKnownFileType = sourcecode.swift; path = SceneDelegate.swift; sourceTree = "<group>"; };
		B2F3A0BD29CD9BA80022AEF7 /* HomeViewController.swift */ = {isa = PBXFileReference; lastKnownFileType = sourcecode.swift; path = HomeViewController.swift; sourceTree = "<group>"; };
		B2F3A0C029CD9BA80022AEF7 /* Base */ = {isa = PBXFileReference; lastKnownFileType = file.storyboard; name = Base; path = Base.lproj/Main.storyboard; sourceTree = "<group>"; };
		B2F3A0C229CD9BAB0022AEF7 /* Assets.xcassets */ = {isa = PBXFileReference; lastKnownFileType = folder.assetcatalog; path = Assets.xcassets; sourceTree = "<group>"; };
		B2F3A0C529CD9BAB0022AEF7 /* Base */ = {isa = PBXFileReference; lastKnownFileType = file.storyboard; name = Base; path = Base.lproj/LaunchScreen.storyboard; sourceTree = "<group>"; };
		B2F3A0C729CD9BAB0022AEF7 /* Info.plist */ = {isa = PBXFileReference; lastKnownFileType = text.plist.xml; path = Info.plist; sourceTree = "<group>"; };
		B2F3A0D129CDDFC20022AEF7 /* QuizMenuViewController.swift */ = {isa = PBXFileReference; lastKnownFileType = sourcecode.swift; path = QuizMenuViewController.swift; sourceTree = "<group>"; };
/* End PBXFileReference section */

/* Begin PBXFrameworksBuildPhase section */
		B2F3A0B329CD9BA80022AEF7 /* Frameworks */ = {
			isa = PBXFrameworksBuildPhase;
			buildActionMask = 2147483647;
			files = (
			);
			runOnlyForDeploymentPostprocessing = 0;
		};
/* End PBXFrameworksBuildPhase section */

/* Begin PBXGroup section */
		B2F3A0AD29CD9BA80022AEF7 = {
			isa = PBXGroup;
			children = (
				B2F3A0B829CD9BA80022AEF7 /* RI Solver */,
				B2F3A0B729CD9BA80022AEF7 /* Products */,
			);
			sourceTree = "<group>";
		};
		B2F3A0B729CD9BA80022AEF7 /* Products */ = {
			isa = PBXGroup;
			children = (
				B2F3A0B629CD9BA80022AEF7 /* RI Solver.app */,
			);
			name = Products;
			sourceTree = "<group>";
		};
		B2F3A0B829CD9BA80022AEF7 /* RI Solver */ = {
			isa = PBXGroup;
			children = (
				B2F3A0B929CD9BA80022AEF7 /* AppDelegate.swift */,
				B2F3A0BB29CD9BA80022AEF7 /* SceneDelegate.swift */,
				B2F3A0D029CD9BD20022AEF7 /* Model */,
				B2F3A0CF29CD9BC90022AEF7 /* Controller */,
				B2F3A0CD29CD9BBB0022AEF7 /* View */,
				B2F3A0C229CD9BAB0022AEF7 /* Assets.xcassets */,
				B2F3A0C429CD9BAB0022AEF7 /* LaunchScreen.storyboard */,
				B2F3A0C729CD9BAB0022AEF7 /* Info.plist */,
			);
			path = "RI Solver";
			sourceTree = "<group>";
		};
		B2F3A0CD29CD9BBB0022AEF7 /* View */ = {
			isa = PBXGroup;
			children = (
				B2F3A0BD29CD9BA80022AEF7 /* HomeViewController.swift */,
				B2F3A0D129CDDFC20022AEF7 /* QuizMenuViewController.swift */,
				B2F3A0BF29CD9BA80022AEF7 /* Main.storyboard */,
			);
			path = View;
			sourceTree = "<group>";
		};
		B2F3A0CF29CD9BC90022AEF7 /* Controller */ = {
			isa = PBXGroup;
			children = (
			);
			path = Controller;
			sourceTree = "<group>";
		};
		B2F3A0D029CD9BD20022AEF7 /* Model */ = {
			isa = PBXGroup;
			children = (
			);
			path = Model;
			sourceTree = "<group>";
		};
/* End PBXGroup section */

/* Begin PBXNativeTarget section */
		B2F3A0B529CD9BA80022AEF7 /* RI Solver */ = {
			isa = PBXNativeTarget;
			buildConfigurationList = B2F3A0CA29CD9BAB0022AEF7 /* Build configuration list for PBXNativeTarget "RI Solver" */;
			buildPhases = (
				B2F3A0B229CD9BA80022AEF7 /* Sources */,
				B2F3A0B329CD9BA80022AEF7 /* Frameworks */,
				B2F3A0B429CD9BA80022AEF7 /* Resources */,
			);
			buildRules = (
			);
			dependencies = (
			);
			name = "RI Solver";
			productName = "RI Solver";
			productReference = B2F3A0B629CD9BA80022AEF7 /* RI Solver.app */;
			productType = "com.apple.product-type.application";
		};
/* End PBXNativeTarget section */

/* Begin PBXProject section */
		B2F3A0AE29CD9BA80022AEF7 /* Project object */ = {
			isa = PBXProject;
			attributes = {
				LastSwiftUpdateCheck = 1250;
				LastUpgradeCheck = 1250;
				TargetAttributes = {
					B2F3A0B529CD9BA80022AEF7 = {
						CreatedOnToolsVersion = 12.5.1;
					};
				};
			};
			buildConfigurationList = B2F3A0B129CD9BA80022AEF7 /* Build configuration list for PBXProject "RI Solver" */;
			compatibilityVersion = "Xcode 9.3";
			developmentRegion = en;
			hasScannedForEncodings = 0;
			knownRegions = (
				en,
				Base,
			);
			mainGroup = B2F3A0AD29CD9BA80022AEF7;
			productRefGroup = B2F3A0B729CD9BA80022AEF7 /* Products */;
			projectDirPath = "";
			projectRoot = "";
			targets = (
				B2F3A0B529CD9BA80022AEF7 /* RI Solver */,
			);
		};
/* End PBXProject section */

/* Begin PBXResourcesBuildPhase section */
		B2F3A0B429CD9BA80022AEF7 /* Resources */ = {
			isa = PBXResourcesBuildPhase;
			buildActionMask = 2147483647;
			files = (
				B2F3A0C629CD9BAB0022AEF7 /* LaunchScreen.storyboard in Resources */,
				B2F3A0C329CD9BAB0022AEF7 /* Assets.xcassets in Resources */,
				B2F3A0C129CD9BA80022AEF7 /* Main.storyboard in Resources */,
			);
			runOnlyForDeploymentPostprocessing = 0;
		};
/* End PBXResourcesBuildPhase section */

/* Begin PBXSourcesBuildPhase section */
		B2F3A0B229CD9BA80022AEF7 /* Sources */ = {
			isa = PBXSourcesBuildPhase;
			buildActionMask = 2147483647;
			files = (
				B2F3A0D229CDDFC20022AEF7 /* QuizMenuViewController.swift in Sources */,
				B2F3A0BE29CD9BA80022AEF7 /* HomeViewController.swift in Sources */,
				B2F3A0BA29CD9BA80022AEF7 /* AppDelegate.swift in Sources */,
				B2F3A0BC29CD9BA80022AEF7 /* SceneDelegate.swift in Sources */,
			);
			runOnlyForDeploymentPostprocessing = 0;
		};
/* End PBXSourcesBuildPhase section */

/* Begin PBXVariantGroup section */
		B2F3A0BF29CD9BA80022AEF7 /* Main.storyboard */ = {
			isa = PBXVariantGroup;
			children = (
				B2F3A0C029CD9BA80022AEF7 /* Base */,
			);
			name = Main.storyboard;
			sourceTree = "<group>";
		};
		B2F3A0C429CD9BAB0022AEF7 /* LaunchScreen.storyboard */ = {
			isa = PBXVariantGroup;
			children = (
				B2F3A0C529CD9BAB0022AEF7 /* Base */,
			);
			name = LaunchScreen.storyboard;
			sourceTree = "<group>";
		};
/* End PBXVariantGroup section */

/* Begin XCBuildConfiguration section */
		B2F3A0C829CD9BAB0022AEF7 /* Debug */ = {
			isa = XCBuildConfiguration;
			buildSettings = {
				ALWAYS_SEARCH_USER_PATHS = NO;
				CLANG_ANALYZER_NONNULL = YES;
				CLANG_ANALYZER_NUMBER_OBJECT_CONVERSION = YES_AGGRESSIVE;
				CLANG_CXX_LANGUAGE_STANDARD = "gnu++14";
				CLANG_CXX_LIBRARY = "libc++";
				CLANG_ENABLE_MODULES = YES;
				CLANG_ENABLE_OBJC_ARC = YES;
				CLANG_ENABLE_OBJC_WEAK = YES;
				CLANG_WARN_BLOCK_CAPTURE_AUTORELEASING = YES;
				CLANG_WARN_BOOL_CONVERSION = YES;
				CLANG_WARN_COMMA = YES;
				CLANG_WARN_CONSTANT_CONVERSION = YES;
				CLANG_WARN_DEPRECATED_OBJC_IMPLEMENTATIONS = YES;
				CLANG_WARN_DIRECT_OBJC_ISA_USAGE = YES_ERROR;
				CLANG_WARN_DOCUMENTATION_COMMENTS = YES;
				CLANG_WARN_EMPTY_BODY = YES;
				CLANG_WARN_ENUM_CONVERSION = YES;
				CLANG_WARN_INFINITE_RECURSION = YES;
				CLANG_WARN_INT_CONVERSION = YES;
				CLANG_WARN_NON_LITERAL_NULL_CONVERSION = YES;
				CLANG_WARN_OBJC_IMPLICIT_RETAIN_SELF = YES;
				CLANG_WARN_OBJC_LITERAL_CONVERSION = YES;
				CLANG_WARN_OBJC_ROOT_CLASS = YES_ERROR;
				CLANG_WARN_QUOTED_INCLUDE_IN_FRAMEWORK_HEADER = YES;
				CLANG_WARN_RANGE_LOOP_ANALYSIS = YES;
				CLANG_WARN_STRICT_PROTOTYPES = YES;
				CLANG_WARN_SUSPICIOUS_MOVE = YES;
				CLANG_WARN_UNGUARDED_AVAILABILITY = YES_AGGRESSIVE;
				CLANG_WARN_UNREACHABLE_CODE = YES;
				CLANG_WARN__DUPLICATE_METHOD_MATCH = YES;
				COPY_PHASE_STRIP = NO;
				DEBUG_INFORMATION_FORMAT = dwarf;
				ENABLE_STRICT_OBJC_MSGSEND = YES;
				ENABLE_TESTABILITY = YES;
				GCC_C_LANGUAGE_STANDARD = gnu11;
				GCC_DYNAMIC_NO_PIC = NO;
				GCC_NO_COMMON_BLOCKS = YES;
				GCC_OPTIMIZATION_LEVEL = 0;
				GCC_PREPROCESSOR_DEFINITIONS = (
					"DEBUG=1",
					"$(inherited)",
				);
				GCC_WARN_64_TO_32_BIT_CONVERSION = YES;
				GCC_WARN_ABOUT_RETURN_TYPE = YES_ERROR;
				GCC_WARN_UNDECLARED_SELECTOR = YES;
				GCC_WARN_UNINITIALIZED_AUTOS = YES_AGGRESSIVE;
				GCC_WARN_UNUSED_FUNCTION = YES;
				GCC_WARN_UNUSED_VARIABLE = YES;
				IPHONEOS_DEPLOYMENT_TARGET = 14.5;
				MTL_ENABLE_DEBUG_INFO = INCLUDE_SOURCE;
				MTL_FAST_MATH = YES;
				ONLY_ACTIVE_ARCH = YES;
				SDKROOT = iphoneos;
				SWIFT_ACTIVE_COMPILATION_CONDITIONS = DEBUG;
				SWIFT_OPTIMIZATION_LEVEL = "-Onone";
			};
			name = Debug;
		};
		B2F3A0C929CD9BAB0022AEF7 /* Release */ = {
			isa = XCBuildConfiguration;
			buildSettings = {
				ALWAYS_SEARCH_USER_PATHS = NO;
				CLANG_ANALYZER_NONNULL = YES;
				CLANG_ANALYZER_NUMBER_OBJECT_CONVERSION = YES_AGGRESSIVE;
				CLANG_CXX_LANGUAGE_STANDARD = "gnu++14";
				CLANG_CXX_LIBRARY = "libc++";
				CLANG_ENABLE_MODULES = YES;
				CLANG_ENABLE_OBJC_ARC = YES;
				CLANG_ENABLE_OBJC_WEAK = YES;
				CLANG_WARN_BLOCK_CAPTURE_AUTORELEASING = YES;
				CLANG_WARN_BOOL_CONVERSION = YES;
				CLANG_WARN_COMMA = YES;
				CLANG_WARN_CONSTANT_CONVERSION = YES;
				CLANG_WARN_DEPRECATED_OBJC_IMPLEMENTATIONS = YES;
				CLANG_WARN_DIRECT_OBJC_ISA_USAGE = YES_ERROR;
				CLANG_WARN_DOCUMENTATION_COMMENTS = YES;
				CLANG_WARN_EMPTY_BODY = YES;
				CLANG_WARN_ENUM_CONVERSION = YES;
				CLANG_WARN_INFINITE_RECURSION = YES;
				CLANG_WARN_INT_CONVERSION = YES;
				CLANG_WARN_NON_LITERAL_NULL_CONVERSION = YES;
				CLANG_WARN_OBJC_IMPLICIT_RETAIN_SELF = YES;
				CLANG_WARN_OBJC_LITERAL_CONVERSION = YES;
				CLANG_WARN_OBJC_ROOT_CLASS = YES_ERROR;
				CLANG_WARN_QUOTED_INCLUDE_IN_FRAMEWORK_HEADER = YES;
				CLANG_WARN_RANGE_LOOP_ANALYSIS = YES;
				CLANG_WARN_STRICT_PROTOTYPES = YES;
				CLANG_WARN_SUSPICIOUS_MOVE = YES;
				CLANG_WARN_UNGUARDED_AVAILABILITY = YES_AGGRESSIVE;
				CLANG_WARN_UNREACHABLE_CODE = YES;
				CLANG_WARN__DUPLICATE_METHOD_MATCH = YES;
				COPY_PHASE_STRIP = NO;
				DEBUG_INFORMATION_FORMAT = "dwarf-with-dsym";
				ENABLE_NS_ASSERTIONS = NO;
				ENABLE_STRICT_OBJC_MSGSEND = YES;
				GCC_C_LANGUAGE_STANDARD = gnu11;
				GCC_NO_COMMON_BLOCKS = YES;
				GCC_WARN_64_TO_32_BIT_CONVERSION = YES;
				GCC_WARN_ABOUT_RETURN_TYPE = YES_ERROR;
				GCC_WARN_UNDECLARED_SELECTOR = YES;
				GCC_WARN_UNINITIALIZED_AUTOS = YES_AGGRESSIVE;
				GCC_WARN_UNUSED_FUNCTION = YES;
				GCC_WARN_UNUSED_VARIABLE = YES;
				IPHONEOS_DEPLOYMENT_TARGET = 14.5;
				MTL_ENABLE_DEBUG_INFO = NO;
				MTL_FAST_MATH = YES;
				SDKROOT = iphoneos;
				SWIFT_COMPILATION_MODE = wholemodule;
				SWIFT_OPTIMIZATION_LEVEL = "-O";
				VALIDATE_PRODUCT = YES;
			};
			name = Release;
		};
		B2F3A0CB29CD9BAB0022AEF7 /* Debug */ = {
			isa = XCBuildConfiguration;
			buildSettings = {
				ASSETCATALOG_COMPILER_APPICON_NAME = AppIcon;
				ASSETCATALOG_COMPILER_GLOBAL_ACCENT_COLOR_NAME = AccentColor;
				CODE_SIGN_STYLE = Automatic;
				DEVELOPMENT_TEAM = UWF2AC7CJL;
				INFOPLIST_FILE = "RI Solver/Info.plist";
				LD_RUNPATH_SEARCH_PATHS = (
					"$(inherited)",
					"@executable_path/Frameworks",
				);
				PRODUCT_BUNDLE_IDENTIFIER = "com.jaogarciaorg.RI-Solver";
				PRODUCT_NAME = "$(TARGET_NAME)";
				SWIFT_VERSION = 5.0;
				TARGETED_DEVICE_FAMILY = "1,2";
			};
			name = Debug;
		};
		B2F3A0CC29CD9BAB0022AEF7 /* Release */ = {
			isa = XCBuildConfiguration;
			buildSettings = {
				ASSETCATALOG_COMPILER_APPICON_NAME = AppIcon;
				ASSETCATALOG_COMPILER_GLOBAL_ACCENT_COLOR_NAME = AccentColor;
				CODE_SIGN_STYLE = Automatic;
				DEVELOPMENT_TEAM = UWF2AC7CJL;
				INFOPLIST_FILE = "RI Solver/Info.plist";
				LD_RUNPATH_SEARCH_PATHS = (
					"$(inherited)",
					"@executable_path/Frameworks",
				);
				PRODUCT_BUNDLE_IDENTIFIER = "com.jaogarciaorg.RI-Solver";
				PRODUCT_NAME = "$(TARGET_NAME)";
				SWIFT_VERSION = 5.0;
				TARGETED_DEVICE_FAMILY = "1,2";
			};
			name = Release;
		};
/* End XCBuildConfiguration section */

/* Begin XCConfigurationList section */
		B2F3A0B129CD9BA80022AEF7 /* Build configuration list for PBXProject "RI Solver" */ = {
			isa = XCConfigurationList;
			buildConfigurations = (
				B2F3A0C829CD9BAB0022AEF7 /* Debug */,
				B2F3A0C929CD9BAB0022AEF7 /* Release */,
			);
			defaultConfigurationIsVisible = 0;
			defaultConfigurationName = Release;
		};
		B2F3A0CA29CD9BAB0022AEF7 /* Build configuration list for PBXNativeTarget "RI Solver" */ = {
			isa = XCConfigurationList;
			buildConfigurations = (
				B2F3A0CB29CD9BAB0022AEF7 /* Debug */,
				B2F3A0CC29CD9BAB0022AEF7 /* Release */,
			);
			defaultConfigurationIsVisible = 0;
			defaultConfigurationName = Release;
		};
/* End XCConfigurationList section */
	};
	rootObject = B2F3A0AE29CD9BA80022AEF7 /* Project object */;
}
